// !$*UTF8*$!
{
	archiveVersion = 1;
	classes = {
	};
	objectVersion = 50;
	objects = {

/* Begin PBXBuildFile section */
		C84EECD7214B16BF00F7972D /* AppDelegate.swift in Sources */ = {isa = PBXBuildFile; fileRef = C84EECD6214B16BF00F7972D /* AppDelegate.swift */; };
		C84EECD9214B16BF00F7972D /* ViewController.swift in Sources */ = {isa = PBXBuildFile; fileRef = C84EECD8214B16BF00F7972D /* ViewController.swift */; };
		C84EECDC214B16BF00F7972D /* Main.storyboard in Resources */ = {isa = PBXBuildFile; fileRef = C84EECDA214B16BF00F7972D /* Main.storyboard */; };
		C84EECDE214B16C000F7972D /* Assets.xcassets in Resources */ = {isa = PBXBuildFile; fileRef = C84EECDD214B16C000F7972D /* Assets.xcassets */; };
		C84EECE1214B16C000F7972D /* LaunchScreen.storyboard in Resources */ = {isa = PBXBuildFile; fileRef = C84EECDF214B16C000F7972D /* LaunchScreen.storyboard */; };
		C84EECE9214B243100F7972D /* RoundButton.swift in Sources */ = {isa = PBXBuildFile; fileRef = C84EECE8214B243100F7972D /* RoundButton.swift */; };
/* End PBXBuildFile section */

/* Begin PBXFileReference section */
		C84EECD3214B16BF00F7972D /* CalcYouLater.app */ = {isa = PBXFileReference; explicitFileType = wrapper.application; includeInIndex = 0; path = CalcYouLater.app; sourceTree = BUILT_PRODUCTS_DIR; };
		C84EECD6214B16BF00F7972D /* AppDelegate.swift */ = {isa = PBXFileReference; lastKnownFileType = sourcecode.swift; path = AppDelegate.swift; sourceTree = "<group>"; };
		C84EECD8214B16BF00F7972D /* ViewController.swift */ = {isa = PBXFileReference; lastKnownFileType = sourcecode.swift; path = ViewController.swift; sourceTree = "<group>"; };
		C84EECDB214B16BF00F7972D /* Base */ = {isa = PBXFileReference; lastKnownFileType = file.storyboard; name = Base; path = Base.lproj/Main.storyboard; sourceTree = "<group>"; };
		C84EECDD214B16C000F7972D /* Assets.xcassets */ = {isa = PBXFileReference; lastKnownFileType = folder.assetcatalog; path = Assets.xcassets; sourceTree = "<group>"; };
		C84EECE0214B16C000F7972D /* Base */ = {isa = PBXFileReference; lastKnownFileType = file.storyboard; name = Base; path = Base.lproj/LaunchScreen.storyboard; sourceTree = "<group>"; };
		C84EECE2214B16C000F7972D /* Info.plist */ = {isa = PBXFileReference; lastKnownFileType = text.plist.xml; path = Info.plist; sourceTree = "<group>"; };
		C84EECE8214B243100F7972D /* RoundButton.swift */ = {isa = PBXFileReference; lastKnownFileType = sourcecode.swift; path = RoundButton.swift; sourceTree = "<group>"; };
/* End PBXFileReference section */

/* Begin PBXFrameworksBuildPhase section */
		C84EECD0214B16BF00F7972D /* Frameworks */ = {
			isa = PBXFrameworksBuildPhase;
			buildActionMask = 2147483647;
			files = (
			);
			runOnlyForDeploymentPostprocessing = 0;
		};
/* End PBXFrameworksBuildPhase section */

/* Begin PBXGroup section */
		C84EECCA214B16BF00F7972D = {
			isa = PBXGroup;
			children = (
				C84EECD5214B16BF00F7972D /* CalcYouLater */,
				C84EECD4214B16BF00F7972D /* Products */,
			);
			sourceTree = "<group>";
		};
		C84EECD4214B16BF00F7972D /* Products */ = {
			isa = PBXGroup;
			children = (
				C84EECD3214B16BF00F7972D /* CalcYouLater.app */,
			);
			name = Products;
			sourceTree = "<group>";
		};
		C84EECD5214B16BF00F7972D /* CalcYouLater */ = {
			isa = PBXGroup;
			children = (
				C84EECD6214B16BF00F7972D /* AppDelegate.swift */,
				C84EECD8214B16BF00F7972D /* ViewController.swift */,
				C84EECDA214B16BF00F7972D /* Main.storyboard */,
				C84EECE8214B243100F7972D /* RoundButton.swift */,
				C84EECDD214B16C000F7972D /* Assets.xcassets */,
				C84EECDF214B16C000F7972D /* LaunchScreen.storyboard */,
				C84EECE2214B16C000F7972D /* Info.plist */,
			);
			path = CalcYouLater;
			sourceTree = "<group>";
		};
/* End PBXGroup section */

/* Begin PBXNativeTarget section */
		C84EECD2214B16BF00F7972D /* CalcYouLater */ = {
			isa = PBXNativeTarget;
			buildConfigurationList = C84EECE5214B16C000F7972D /* Build configuration list for PBXNativeTarget "CalcYouLater" */;
			buildPhases = (
				C84EECCF214B16BF00F7972D /* Sources */,
				C84EECD0214B16BF00F7972D /* Frameworks */,
				C84EECD1214B16BF00F7972D /* Resources */,
			);
			buildRules = (
			);
			dependencies = (
			);
			name = CalcYouLater;
			productName = CalcYouLater;
			productReference = C84EECD3214B16BF00F7972D /* CalcYouLater.app */;
			productType = "com.apple.product-type.application";
		};
/* End PBXNativeTarget section */

/* Begin PBXProject section */
		C84EECCB214B16BF00F7972D /* Project object */ = {
			isa = PBXProject;
			attributes = {
				LastSwiftUpdateCheck = 0940;
				LastUpgradeCheck = 0940;
				ORGANIZATIONNAME = "Ryan Menghani";
				TargetAttributes = {
					C84EECD2214B16BF00F7972D = {
						CreatedOnToolsVersion = 9.4.1;
					};
				};
			};
			buildConfigurationList = C84EECCE214B16BF00F7972D /* Build configuration list for PBXProject "CalcYouLater" */;
			compatibilityVersion = "Xcode 9.3";
			developmentRegion = en;
			hasScannedForEncodings = 0;
			knownRegions = (
				en,
				Base,
			);
			mainGroup = C84EECCA214B16BF00F7972D;
			productRefGroup = C84EECD4214B16BF00F7972D /* Products */;
			projectDirPath = "";
			projectRoot = "";
			targets = (
				C84EECD2214B16BF00F7972D /* CalcYouLater */,
			);
		};
/* End PBXProject section */

/* Begin PBXResourcesBuildPhase section */
		C84EECD1214B16BF00F7972D /* Resources */ = {
			isa = PBXResourcesBuildPhase;
			buildActionMask = 2147483647;
			files = (
				C84EECE1214B16C000F7972D /* LaunchScreen.storyboard in Resources */,
				C84EECDE214B16C000F7972D /* Assets.xcassets in Resources */,
				C84EECDC214B16BF00F7972D /* Main.storyboard in Resources */,
			);
			runOnlyForDeploymentPostprocessing = 0;
		};
/* End PBXResourcesBuildPhase section */

/* Begin PBXSourcesBuildPhase section */
		C84EECCF214B16BF00F7972D /* Sources */ = {
			isa = PBXSourcesBuildPhase;
			buildActionMask = 2147483647;
			files = (
				C84EECE9214B243100F7972D /* RoundButton.swift in Sources */,
				C84EECD9214B16BF00F7972D /* ViewController.swift in Sources */,
				C84EECD7214B16BF00F7972D /* AppDelegate.swift in Sources */,
			);
			runOnlyForDeploymentPostprocessing = 0;
		};
/* End PBXSourcesBuildPhase section */

/* Begin PBXVariantGroup section */
		C84EECDA214B16BF00F7972D /* Main.storyboard */ = {
			isa = PBXVariantGroup;
			children = (
				C84EECDB214B16BF00F7972D /* Base */,
			);
			name = Main.storyboard;
			sourceTree = "<group>";
		};
		C84EECDF214B16C000F7972D /* LaunchScreen.storyboard */ = {
			isa = PBXVariantGroup;
			children = (
				C84EECE0214B16C000F7972D /* Base */,
			);
			name = LaunchScreen.storyboard;
			sourceTree = "<group>";
		};
/* End PBXVariantGroup section */

/* Begin XCBuildConfiguration section */
		C84EECE3214B16C000F7972D /* Debug */ = {
			isa = XCBuildConfiguration;
			buildSettings = {
				ALWAYS_SEARCH_USER_PATHS = NO;
				CLANG_ANALYZER_NONNULL = YES;
				CLANG_ANALYZER_NUMBER_OBJECT_CONVERSION = YES_AGGRESSIVE;
				CLANG_CXX_LANGUAGE_STANDARD = "gnu++14";
				CLANG_CXX_LIBRARY = "libc++";
				CLANG_ENABLE_MODULES = YES;
				CLANG_ENABLE_OBJC_ARC = YES;
				CLANG_ENABLE_OBJC_WEAK = YES;
				CLANG_WARN_BLOCK_CAPTURE_AUTORELEASING = YES;
				CLANG_WARN_BOOL_CONVERSION = YES;
				CLANG_WARN_COMMA = YES;
				CLANG_WARN_CONSTANT_CONVERSION = YES;
				CLANG_WARN_DEPRECATED_OBJC_IMPLEMENTATIONS = YES;
				CLANG_WARN_DIRECT_OBJC_ISA_USAGE = YES_ERROR;
				CLANG_WARN_DOCUMENTATION_COMMENTS = YES;
				CLANG_WARN_EMPTY_BODY = YES;
				CLANG_WARN_ENUM_CONVERSION = YES;
				CLANG_WARN_INFINITE_RECURSION = YES;
				CLANG_WARN_INT_CONVERSION = YES;
				CLANG_WARN_NON_LITERAL_NULL_CONVERSION = YES;
				CLANG_WARN_OBJC_IMPLICIT_RETAIN_SELF = YES;
				CLANG_WARN_OBJC_LITERAL_CONVERSION = YES;
				CLANG_WARN_OBJC_ROOT_CLASS = YES_ERROR;
				CLANG_WARN_RANGE_LOOP_ANALYSIS = YES;
				CLANG_WARN_STRICT_PROTOTYPES = YES;
				CLANG_WARN_SUSPICIOUS_MOVE = YES;
				CLANG_WARN_UNGUARDED_AVAILABILITY = YES_AGGRESSIVE;
				CLANG_WARN_UNREACHABLE_CODE = YES;
				CLANG_WARN__DUPLICATE_METHOD_MATCH = YES;
				CODE_SIGN_IDENTITY = "iPhone Developer";
				COPY_PHASE_STRIP = NO;
				DEBUG_INFORMATION_FORMAT = dwarf;
				ENABLE_STRICT_OBJC_MSGSEND = YES;
				ENABLE_TESTABILITY = YES;
				GCC_C_LANGUAGE_STANDARD = gnu11;
				GCC_DYNAMIC_NO_PIC = NO;
				GCC_NO_COMMON_BLOCKS = YES;
				GCC_OPTIMIZATION_LEVEL = 0;
				GCC_PREPROCESSOR_DEFINITIONS = (
					"DEBUG=1",
					"$(inherited)",
				);
				GCC_WARN_64_TO_32_BIT_CONVERSION = YES;
				GCC_WARN_ABOUT_RETURN_TYPE = YES_ERROR;
				GCC_WARN_UNDECLARED_SELECTOR = YES;
				GCC_WARN_UNINITIALIZED_AUTOS = YES_AGGRESSIVE;
				GCC_WARN_UNUSED_FUNCTION = YES;
				GCC_WARN_UNUSED_VARIABLE = YES;
				IPHONEOS_DEPLOYMENT_TARGET = 11.4;
				MTL_ENABLE_DEBUG_INFO = YES;
				ONLY_ACTIVE_ARCH = YES;
				SDKROOT = iphoneos;
				SWIFT_ACTIVE_COMPILATION_CONDITIONS = DEBUG;
				SWIFT_OPTIMIZATION_LEVEL = "-Onone";
			};
			name = Debug;
		};
		C84EECE4214B16C000F7972D /* Release */ = {
			isa = XCBuildConfiguration;
			buildSettings = {
				ALWAYS_SEARCH_USER_PATHS = NO;
				CLANG_ANALYZER_NONNULL = YES;
				CLANG_ANALYZER_NUMBER_OBJECT_CONVERSION = YES_AGGRESSIVE;
				CLANG_CXX_LANGUAGE_STANDARD = "gnu++14";
				CLANG_CXX_LIBRARY = "libc++";
				CLANG_ENABLE_MODULES = YES;
				CLANG_ENABLE_OBJC_ARC = YES;
				CLANG_ENABLE_OBJC_WEAK = YES;
				CLANG_WARN_BLOCK_CAPTURE_AUTORELEASING = YES;
				CLANG_WARN_BOOL_CONVERSION = YES;
				CLANG_WARN_COMMA = YES;
				CLANG_WARN_CONSTANT_CONVERSION = YES;
				CLANG_WARN_DEPRECATED_OBJC_IMPLEMENTATIONS = YES;
				CLANG_WARN_DIRECT_OBJC_ISA_USAGE = YES_ERROR;
				CLANG_WARN_DOCUMENTATION_COMMENTS = YES;
				CLANG_WARN_EMPTY_BODY = YES;
				CLANG_WARN_ENUM_CONVERSION = YES;
				CLANG_WARN_INFINITE_RECURSION = YES;
				CLANG_WARN_INT_CONVERSION = YES;
				CLANG_WARN_NON_LITERAL_NULL_CONVERSION = YES;
				CLANG_WARN_OBJC_IMPLICIT_RETAIN_SELF = YES;
				CLANG_WARN_OBJC_LITERAL_CONVERSION = YES;
				CLANG_WARN_OBJC_ROOT_CLASS = YES_ERROR;
				CLANG_WARN_RANGE_LOOP_ANALYSIS = YES;
				CLANG_WARN_STRICT_PROTOTYPES = YES;
				CLANG_WARN_SUSPICIOUS_MOVE = YES;
				CLANG_WARN_UNGUARDED_AVAILABILITY = YES_AGGRESSIVE;
				CLANG_WARN_UNREACHABLE_CODE = YES;
				CLANG_WARN__DUPLICATE_METHOD_MATCH = YES;
				CODE_SIGN_IDENTITY = "iPhone Developer";
				COPY_PHASE_STRIP = NO;
				DEBUG_INFORMATION_FORMAT = "dwarf-with-dsym";
				ENABLE_NS_ASSERTIONS = NO;
				ENABLE_STRICT_OBJC_MSGSEND = YES;
				GCC_C_LANGUAGE_STANDARD = gnu11;
				GCC_NO_COMMON_BLOCKS = YES;
				GCC_WARN_64_TO_32_BIT_CONVERSION = YES;
				GCC_WARN_ABOUT_RETURN_TYPE = YES_ERROR;
				GCC_WARN_UNDECLARED_SELECTOR = YES;
				GCC_WARN_UNINITIALIZED_AUTOS = YES_AGGRESSIVE;
				GCC_WARN_UNUSED_FUNCTION = YES;
				GCC_WARN_UNUSED_VARIABLE = YES;
				IPHONEOS_DEPLOYMENT_TARGET = 11.4;
				MTL_ENABLE_DEBUG_INFO = NO;
				SDKROOT = iphoneos;
				SWIFT_COMPILATION_MODE = wholemodule;
				SWIFT_OPTIMIZATION_LEVEL = "-O";
				VALIDATE_PRODUCT = YES;
			};
			name = Release;
		};
		C84EECE6214B16C000F7972D /* Debug */ = {
			isa = XCBuildConfiguration;
			buildSettings = {
				ASSETCATALOG_COMPILER_APPICON_NAME = AppIcon;
				CODE_SIGN_STYLE = Automatic;
				INFOPLIST_FILE = CalcYouLater/Info.plist;
				LD_RUNPATH_SEARCH_PATHS = (
					"$(inherited)",
					"@executable_path/Frameworks",
				);
				PRODUCT_BUNDLE_IDENTIFIER = menghani.CalcYouLater;
				PRODUCT_NAME = "$(TARGET_NAME)";
				SWIFT_VERSION = 4.0;
				TARGETED_DEVICE_FAMILY = "1,2";
			};
			name = Debug;
		};
		C84EECE7214B16C000F7972D /* Release */ = {
			isa = XCBuildConfiguration;
			buildSettings = {
				ASSETCATALOG_COMPILER_APPICON_NAME = AppIcon;
				CODE_SIGN_STYLE = Automatic;
				INFOPLIST_FILE = CalcYouLater/Info.plist;
				LD_RUNPATH_SEARCH_PATHS = (
					"$(inherited)",
					"@executable_path/Frameworks",
				);
				PRODUCT_BUNDLE_IDENTIFIER = menghani.CalcYouLater;
				PRODUCT_NAME = "$(TARGET_NAME)";
				SWIFT_VERSION = 4.0;
				TARGETED_DEVICE_FAMILY = "1,2";
			};
			name = Release;
		};
/* End XCBuildConfiguration section */

/* Begin XCConfigurationList section */
		C84EECCE214B16BF00F7972D /* Build configuration list for PBXProject "CalcYouLater" */ = {
			isa = XCConfigurationList;
			buildConfigurations = (
				C84EECE3214B16C000F7972D /* Debug */,
				C84EECE4214B16C000F7972D /* Release */,
			);
			defaultConfigurationIsVisible = 0;
			defaultConfigurationName = Release;
		};
		C84EECE5214B16C000F7972D /* Build configuration list for PBXNativeTarget "CalcYouLater" */ = {
			isa = XCConfigurationList;
			buildConfigurations = (
				C84EECE6214B16C000F7972D /* Debug */,
				C84EECE7214B16C000F7972D /* Release */,
			);
			defaultConfigurationIsVisible = 0;
			defaultConfigurationName = Release;
		};
/* End XCConfigurationList section */
	};
	rootObject = C84EECCB214B16BF00F7972D /* Project object */;
}
